// !$*UTF8*$!
{
	archiveVersion = 1;
	classes = {
	};
	objectVersion = 50;
	objects = {

/* Begin PBXBuildFile section */
		93C4DC60247A1EF4006DA37D /* AppDelegate.swift in Sources */ = {isa = PBXBuildFile; fileRef = 93C4DC5F247A1EF4006DA37D /* AppDelegate.swift */; };
		93C4DC62247A1EF4006DA37D /* SceneDelegate.swift in Sources */ = {isa = PBXBuildFile; fileRef = 93C4DC61247A1EF4006DA37D /* SceneDelegate.swift */; };
		93C4DC64247A1EF4006DA37D /* ViewController.swift in Sources */ = {isa = PBXBuildFile; fileRef = 93C4DC63247A1EF4006DA37D /* ViewController.swift */; };
		93C4DC67247A1EF4006DA37D /* Main.storyboard in Resources */ = {isa = PBXBuildFile; fileRef = 93C4DC65247A1EF4006DA37D /* Main.storyboard */; };
		93C4DC69247A1EF8006DA37D /* Assets.xcassets in Resources */ = {isa = PBXBuildFile; fileRef = 93C4DC68247A1EF8006DA37D /* Assets.xcassets */; };
		93C4DC6C247A1EF8006DA37D /* LaunchScreen.storyboard in Resources */ = {isa = PBXBuildFile; fileRef = 93C4DC6A247A1EF8006DA37D /* LaunchScreen.storyboard */; };
/* End PBXBuildFile section */

/* Begin PBXFileReference section */
		93C4DC5C247A1EF4006DA37D /* SynchronousNotifications.app */ = {isa = PBXFileReference; explicitFileType = wrapper.application; includeInIndex = 0; path = SynchronousNotifications.app; sourceTree = BUILT_PRODUCTS_DIR; };
		93C4DC5F247A1EF4006DA37D /* AppDelegate.swift */ = {isa = PBXFileReference; lastKnownFileType = sourcecode.swift; path = AppDelegate.swift; sourceTree = "<group>"; };
		93C4DC61247A1EF4006DA37D /* SceneDelegate.swift */ = {isa = PBXFileReference; lastKnownFileType = sourcecode.swift; path = SceneDelegate.swift; sourceTree = "<group>"; };
		93C4DC63247A1EF4006DA37D /* ViewController.swift */ = {isa = PBXFileReference; lastKnownFileType = sourcecode.swift; path = ViewController.swift; sourceTree = "<group>"; };
		93C4DC66247A1EF4006DA37D /* Base */ = {isa = PBXFileReference; lastKnownFileType = file.storyboard; name = Base; path = Base.lproj/Main.storyboard; sourceTree = "<group>"; };
		93C4DC68247A1EF8006DA37D /* Assets.xcassets */ = {isa = PBXFileReference; lastKnownFileType = folder.assetcatalog; path = Assets.xcassets; sourceTree = "<group>"; };
		93C4DC6B247A1EF8006DA37D /* Base */ = {isa = PBXFileReference; lastKnownFileType = file.storyboard; name = Base; path = Base.lproj/LaunchScreen.storyboard; sourceTree = "<group>"; };
		93C4DC6D247A1EF8006DA37D /* Info.plist */ = {isa = PBXFileReference; lastKnownFileType = text.plist.xml; path = Info.plist; sourceTree = "<group>"; };
/* End PBXFileReference section */

/* Begin PBXFrameworksBuildPhase section */
		93C4DC59247A1EF4006DA37D /* Frameworks */ = {
			isa = PBXFrameworksBuildPhase;
			buildActionMask = 2147483647;
			files = (
			);
			runOnlyForDeploymentPostprocessing = 0;
		};
/* End PBXFrameworksBuildPhase section */

/* Begin PBXGroup section */
		93C4DC53247A1EF4006DA37D = {
			isa = PBXGroup;
			children = (
				93C4DC5E247A1EF4006DA37D /* SynchronousNotifications */,
				93C4DC5D247A1EF4006DA37D /* Products */,
			);
			sourceTree = "<group>";
		};
		93C4DC5D247A1EF4006DA37D /* Products */ = {
			isa = PBXGroup;
			children = (
				93C4DC5C247A1EF4006DA37D /* SynchronousNotifications.app */,
			);
			name = Products;
			sourceTree = "<group>";
		};
		93C4DC5E247A1EF4006DA37D /* SynchronousNotifications */ = {
			isa = PBXGroup;
			children = (
				93C4DC5F247A1EF4006DA37D /* AppDelegate.swift */,
				93C4DC61247A1EF4006DA37D /* SceneDelegate.swift */,
				93C4DC63247A1EF4006DA37D /* ViewController.swift */,
				93C4DC65247A1EF4006DA37D /* Main.storyboard */,
				93C4DC68247A1EF8006DA37D /* Assets.xcassets */,
				93C4DC6A247A1EF8006DA37D /* LaunchScreen.storyboard */,
				93C4DC6D247A1EF8006DA37D /* Info.plist */,
			);
			path = SynchronousNotifications;
			sourceTree = "<group>";
		};
/* End PBXGroup section */

/* Begin PBXNativeTarget section */
		93C4DC5B247A1EF4006DA37D /* SynchronousNotifications */ = {
			isa = PBXNativeTarget;
			buildConfigurationList = 93C4DC70247A1EF8006DA37D /* Build configuration list for PBXNativeTarget "SynchronousNotifications" */;
			buildPhases = (
				93C4DC58247A1EF4006DA37D /* Sources */,
				93C4DC59247A1EF4006DA37D /* Frameworks */,
				93C4DC5A247A1EF4006DA37D /* Resources */,
			);
			buildRules = (
			);
			dependencies = (
			);
			name = SynchronousNotifications;
			productName = SynchronousNotifications;
			productReference = 93C4DC5C247A1EF4006DA37D /* SynchronousNotifications.app */;
			productType = "com.apple.product-type.application";
		};
/* End PBXNativeTarget section */

/* Begin PBXProject section */
		93C4DC54247A1EF4006DA37D /* Project object */ = {
			isa = PBXProject;
			attributes = {
				LastSwiftUpdateCheck = 1140;
				LastUpgradeCheck = 1140;
				ORGANIZATIONNAME = bryanCuevas;
				TargetAttributes = {
					93C4DC5B247A1EF4006DA37D = {
						CreatedOnToolsVersion = 11.4.1;
					};
				};
			};
			buildConfigurationList = 93C4DC57247A1EF4006DA37D /* Build configuration list for PBXProject "SynchronousNotifications" */;
			compatibilityVersion = "Xcode 9.3";
			developmentRegion = en;
			hasScannedForEncodings = 0;
			knownRegions = (
				en,
				Base,
			);
			mainGroup = 93C4DC53247A1EF4006DA37D;
			productRefGroup = 93C4DC5D247A1EF4006DA37D /* Products */;
			projectDirPath = "";
			projectRoot = "";
			targets = (
				93C4DC5B247A1EF4006DA37D /* SynchronousNotifications */,
			);
		};
/* End PBXProject section */

/* Begin PBXResourcesBuildPhase section */
		93C4DC5A247A1EF4006DA37D /* Resources */ = {
			isa = PBXResourcesBuildPhase;
			buildActionMask = 2147483647;
			files = (
				93C4DC6C247A1EF8006DA37D /* LaunchScreen.storyboard in Resources */,
				93C4DC69247A1EF8006DA37D /* Assets.xcassets in Resources */,
				93C4DC67247A1EF4006DA37D /* Main.storyboard in Resources */,
			);
			runOnlyForDeploymentPostprocessing = 0;
		};
/* End PBXResourcesBuildPhase section */

/* Begin PBXSourcesBuildPhase section */
		93C4DC58247A1EF4006DA37D /* Sources */ = {
			isa = PBXSourcesBuildPhase;
			buildActionMask = 2147483647;
			files = (
				93C4DC64247A1EF4006DA37D /* ViewController.swift in Sources */,
				93C4DC60247A1EF4006DA37D /* AppDelegate.swift in Sources */,
				93C4DC62247A1EF4006DA37D /* SceneDelegate.swift in Sources */,
			);
			runOnlyForDeploymentPostprocessing = 0;
		};
/* End PBXSourcesBuildPhase section */

/* Begin PBXVariantGroup section */
		93C4DC65247A1EF4006DA37D /* Main.storyboard */ = {
			isa = PBXVariantGroup;
			children = (
				93C4DC66247A1EF4006DA37D /* Base */,
			);
			name = Main.storyboard;
			sourceTree = "<group>";
		};
		93C4DC6A247A1EF8006DA37D /* LaunchScreen.storyboard */ = {
			isa = PBXVariantGroup;
			children = (
				93C4DC6B247A1EF8006DA37D /* Base */,
			);
			name = LaunchScreen.storyboard;
			sourceTree = "<group>";
		};
/* End PBXVariantGroup section */

/* Begin XCBuildConfiguration section */
		93C4DC6E247A1EF8006DA37D /* Debug */ = {
			isa = XCBuildConfiguration;
			buildSettings = {
				ALWAYS_SEARCH_USER_PATHS = NO;
				CLANG_ANALYZER_NONNULL = YES;
				CLANG_ANALYZER_NUMBER_OBJECT_CONVERSION = YES_AGGRESSIVE;
				CLANG_CXX_LANGUAGE_STANDARD = "gnu++14";
				CLANG_CXX_LIBRARY = "libc++";
				CLANG_ENABLE_MODULES = YES;
				CLANG_ENABLE_OBJC_ARC = YES;
				CLANG_ENABLE_OBJC_WEAK = YES;
				CLANG_WARN_BLOCK_CAPTURE_AUTORELEASING = YES;
				CLANG_WARN_BOOL_CONVERSION = YES;
				CLANG_WARN_COMMA = YES;
				CLANG_WARN_CONSTANT_CONVERSION = YES;
				CLANG_WARN_DEPRECATED_OBJC_IMPLEMENTATIONS = YES;
				CLANG_WARN_DIRECT_OBJC_ISA_USAGE = YES_ERROR;
				CLANG_WARN_DOCUMENTATION_COMMENTS = YES;
				CLANG_WARN_EMPTY_BODY = YES;
				CLANG_WARN_ENUM_CONVERSION = YES;
				CLANG_WARN_INFINITE_RECURSION = YES;
				CLANG_WARN_INT_CONVERSION = YES;
				CLANG_WARN_NON_LITERAL_NULL_CONVERSION = YES;
				CLANG_WARN_OBJC_IMPLICIT_RETAIN_SELF = YES;
				CLANG_WARN_OBJC_LITERAL_CONVERSION = YES;
				CLANG_WARN_OBJC_ROOT_CLASS = YES_ERROR;
				CLANG_WARN_RANGE_LOOP_ANALYSIS = YES;
				CLANG_WARN_STRICT_PROTOTYPES = YES;
				CLANG_WARN_SUSPICIOUS_MOVE = YES;
				CLANG_WARN_UNGUARDED_AVAILABILITY = YES_AGGRESSIVE;
				CLANG_WARN_UNREACHABLE_CODE = YES;
				CLANG_WARN__DUPLICATE_METHOD_MATCH = YES;
				COPY_PHASE_STRIP = NO;
				DEBUG_INFORMATION_FORMAT = dwarf;
				ENABLE_STRICT_OBJC_MSGSEND = YES;
				ENABLE_TESTABILITY = YES;
				GCC_C_LANGUAGE_STANDARD = gnu11;
				GCC_DYNAMIC_NO_PIC = NO;
				GCC_NO_COMMON_BLOCKS = YES;
				GCC_OPTIMIZATION_LEVEL = 0;
				GCC_PREPROCESSOR_DEFINITIONS = (
					"DEBUG=1",
					"$(inherited)",
				);
				GCC_WARN_64_TO_32_BIT_CONVERSION = YES;
				GCC_WARN_ABOUT_RETURN_TYPE = YES_ERROR;
				GCC_WARN_UNDECLARED_SELECTOR = YES;
				GCC_WARN_UNINITIALIZED_AUTOS = YES_AGGRESSIVE;
				GCC_WARN_UNUSED_FUNCTION = YES;
				GCC_WARN_UNUSED_VARIABLE = YES;
				IPHONEOS_DEPLOYMENT_TARGET = 13.4;
				MTL_ENABLE_DEBUG_INFO = INCLUDE_SOURCE;
				MTL_FAST_MATH = YES;
				ONLY_ACTIVE_ARCH = YES;
				SDKROOT = iphoneos;
				SWIFT_ACTIVE_COMPILATION_CONDITIONS = DEBUG;
				SWIFT_OPTIMIZATION_LEVEL = "-Onone";
			};
			name = Debug;
		};
		93C4DC6F247A1EF8006DA37D /* Release */ = {
			isa = XCBuildConfiguration;
			buildSettings = {
				ALWAYS_SEARCH_USER_PATHS = NO;
				CLANG_ANALYZER_NONNULL = YES;
				CLANG_ANALYZER_NUMBER_OBJECT_CONVERSION = YES_AGGRESSIVE;
				CLANG_CXX_LANGUAGE_STANDARD = "gnu++14";
				CLANG_CXX_LIBRARY = "libc++";
				CLANG_ENABLE_MODULES = YES;
				CLANG_ENABLE_OBJC_ARC = YES;
				CLANG_ENABLE_OBJC_WEAK = YES;
				CLANG_WARN_BLOCK_CAPTURE_AUTORELEASING = YES;
				CLANG_WARN_BOOL_CONVERSION = YES;
				CLANG_WARN_COMMA = YES;
				CLANG_WARN_CONSTANT_CONVERSION = YES;
				CLANG_WARN_DEPRECATED_OBJC_IMPLEMENTATIONS = YES;
				CLANG_WARN_DIRECT_OBJC_ISA_USAGE = YES_ERROR;
				CLANG_WARN_DOCUMENTATION_COMMENTS = YES;
				CLANG_WARN_EMPTY_BODY = YES;
				CLANG_WARN_ENUM_CONVERSION = YES;
				CLANG_WARN_INFINITE_RECURSION = YES;
				CLANG_WARN_INT_CONVERSION = YES;
				CLANG_WARN_NON_LITERAL_NULL_CONVERSION = YES;
				CLANG_WARN_OBJC_IMPLICIT_RETAIN_SELF = YES;
				CLANG_WARN_OBJC_LITERAL_CONVERSION = YES;
				CLANG_WARN_OBJC_ROOT_CLASS = YES_ERROR;
				CLANG_WARN_RANGE_LOOP_ANALYSIS = YES;
				CLANG_WARN_STRICT_PROTOTYPES = YES;
				CLANG_WARN_SUSPICIOUS_MOVE = YES;
				CLANG_WARN_UNGUARDED_AVAILABILITY = YES_AGGRESSIVE;
				CLANG_WARN_UNREACHABLE_CODE = YES;
				CLANG_WARN__DUPLICATE_METHOD_MATCH = YES;
				COPY_PHASE_STRIP = NO;
				DEBUG_INFORMATION_FORMAT = "dwarf-with-dsym";
				ENABLE_NS_ASSERTIONS = NO;
				ENABLE_STRICT_OBJC_MSGSEND = YES;
				GCC_C_LANGUAGE_STANDARD = gnu11;
				GCC_NO_COMMON_BLOCKS = YES;
				GCC_WARN_64_TO_32_BIT_CONVERSION = YES;
				GCC_WARN_ABOUT_RETURN_TYPE = YES_ERROR;
				GCC_WARN_UNDECLARED_SELECTOR = YES;
				GCC_WARN_UNINITIALIZED_AUTOS = YES_AGGRESSIVE;
				GCC_WARN_UNUSED_FUNCTION = YES;
				GCC_WARN_UNUSED_VARIABLE = YES;
				IPHONEOS_DEPLOYMENT_TARGET = 13.4;
				MTL_ENABLE_DEBUG_INFO = NO;
				MTL_FAST_MATH = YES;
				SDKROOT = iphoneos;
				SWIFT_COMPILATION_MODE = wholemodule;
				SWIFT_OPTIMIZATION_LEVEL = "-O";
				VALIDATE_PRODUCT = YES;
			};
			name = Release;
		};
		93C4DC71247A1EF8006DA37D /* Debug */ = {
			isa = XCBuildConfiguration;
			buildSettings = {
				ASSETCATALOG_COMPILER_APPICON_NAME = AppIcon;
				CODE_SIGN_STYLE = Automatic;
				DEVELOPMENT_TEAM = RJL4W5Y8CA;
				INFOPLIST_FILE = SynchronousNotifications/Info.plist;
				LD_RUNPATH_SEARCH_PATHS = (
					"$(inherited)",
					"@executable_path/Frameworks",
				);
				PRODUCT_BUNDLE_IDENTIFIER = com.bryancuevas.SynchronousNotifications;
				PRODUCT_NAME = "$(TARGET_NAME)";
				SWIFT_VERSION = 5.0;
				TARGETED_DEVICE_FAMILY = "1,2";
			};
			name = Debug;
		};
		93C4DC72247A1EF8006DA37D /* Release */ = {
			isa = XCBuildConfiguration;
			buildSettings = {
				ASSETCATALOG_COMPILER_APPICON_NAME = AppIcon;
				CODE_SIGN_STYLE = Automatic;
				DEVELOPMENT_TEAM = RJL4W5Y8CA;
				INFOPLIST_FILE = SynchronousNotifications/Info.plist;
				LD_RUNPATH_SEARCH_PATHS = (
					"$(inherited)",
					"@executable_path/Frameworks",
				);
				PRODUCT_BUNDLE_IDENTIFIER = com.bryancuevas.SynchronousNotifications;
				PRODUCT_NAME = "$(TARGET_NAME)";
				SWIFT_VERSION = 5.0;
				TARGETED_DEVICE_FAMILY = "1,2";
			};
			name = Release;
		};
/* End XCBuildConfiguration section */

/* Begin XCConfigurationList section */
		93C4DC57247A1EF4006DA37D /* Build configuration list for PBXProject "SynchronousNotifications" */ = {
			isa = XCConfigurationList;
			buildConfigurations = (
				93C4DC6E247A1EF8006DA37D /* Debug */,
				93C4DC6F247A1EF8006DA37D /* Release */,
			);
			defaultConfigurationIsVisible = 0;
			defaultConfigurationName = Release;
		};
		93C4DC70247A1EF8006DA37D /* Build configuration list for PBXNativeTarget "SynchronousNotifications" */ = {
			isa = XCConfigurationList;
			buildConfigurations = (
				93C4DC71247A1EF8006DA37D /* Debug */,
				93C4DC72247A1EF8006DA37D /* Release */,
			);
			defaultConfigurationIsVisible = 0;
			defaultConfigurationName = Release;
		};
/* End XCConfigurationList section */
	};
	rootObject = 93C4DC54247A1EF4006DA37D /* Project object */;
}
