// !$*UTF8*$!
{
	archiveVersion = 1;
	classes = {
	};
	objectVersion = 50;
	objects = {

/* Begin PBXBuildFile section */
		93B32AAE2492F5CF00D10E0F /* AppDelegate.swift in Sources */ = {isa = PBXBuildFile; fileRef = 93B32AAD2492F5CF00D10E0F /* AppDelegate.swift */; };
		93B32AB02492F5CF00D10E0F /* SceneDelegate.swift in Sources */ = {isa = PBXBuildFile; fileRef = 93B32AAF2492F5CF00D10E0F /* SceneDelegate.swift */; };
		93B32AB22492F5CF00D10E0F /* ViewController.swift in Sources */ = {isa = PBXBuildFile; fileRef = 93B32AB12492F5CF00D10E0F /* ViewController.swift */; };
		93B32AB52492F5CF00D10E0F /* Main.storyboard in Resources */ = {isa = PBXBuildFile; fileRef = 93B32AB32492F5CF00D10E0F /* Main.storyboard */; };
		93B32AB72492F5D800D10E0F /* Assets.xcassets in Resources */ = {isa = PBXBuildFile; fileRef = 93B32AB62492F5D800D10E0F /* Assets.xcassets */; };
		93B32ABA2492F5D800D10E0F /* LaunchScreen.storyboard in Resources */ = {isa = PBXBuildFile; fileRef = 93B32AB82492F5D800D10E0F /* LaunchScreen.storyboard */; };
		93B32AC32492F71500D10E0F /* Gender.swift in Sources */ = {isa = PBXBuildFile; fileRef = 93B32AC22492F71500D10E0F /* Gender.swift */; };
		93B32AC52492F73000D10E0F /* User.swift in Sources */ = {isa = PBXBuildFile; fileRef = 93B32AC42492F73000D10E0F /* User.swift */; };
		93B32AC72492F79100D10E0F /* UpdateProfileFormError.swift in Sources */ = {isa = PBXBuildFile; fileRef = 93B32AC62492F79100D10E0F /* UpdateProfileFormError.swift */; };
		93B32AC92492F7DD00D10E0F /* LocalStorage.swift in Sources */ = {isa = PBXBuildFile; fileRef = 93B32AC82492F7DD00D10E0F /* LocalStorage.swift */; };
		93B32ACC2492F83800D10E0F /* UpdateProfilePresenter.swift in Sources */ = {isa = PBXBuildFile; fileRef = 93B32ACB2492F83800D10E0F /* UpdateProfilePresenter.swift */; };
		93B32ACF2492F87500D10E0F /* UpdateProfileViewController.swift in Sources */ = {isa = PBXBuildFile; fileRef = 93B32ACE2492F87500D10E0F /* UpdateProfileViewController.swift */; };
		93B32AD12492F97E00D10E0F /* UserProfileViewProtocol.swift in Sources */ = {isa = PBXBuildFile; fileRef = 93B32AD02492F97E00D10E0F /* UserProfileViewProtocol.swift */; };
/* End PBXBuildFile section */

/* Begin PBXFileReference section */
		93B32AAA2492F5CF00D10E0F /* MVP-Example.app */ = {isa = PBXFileReference; explicitFileType = wrapper.application; includeInIndex = 0; path = "MVP-Example.app"; sourceTree = BUILT_PRODUCTS_DIR; };
		93B32AAD2492F5CF00D10E0F /* AppDelegate.swift */ = {isa = PBXFileReference; lastKnownFileType = sourcecode.swift; path = AppDelegate.swift; sourceTree = "<group>"; };
		93B32AAF2492F5CF00D10E0F /* SceneDelegate.swift */ = {isa = PBXFileReference; lastKnownFileType = sourcecode.swift; path = SceneDelegate.swift; sourceTree = "<group>"; };
		93B32AB12492F5CF00D10E0F /* ViewController.swift */ = {isa = PBXFileReference; lastKnownFileType = sourcecode.swift; path = ViewController.swift; sourceTree = "<group>"; };
		93B32AB42492F5CF00D10E0F /* Base */ = {isa = PBXFileReference; lastKnownFileType = file.storyboard; name = Base; path = Base.lproj/Main.storyboard; sourceTree = "<group>"; };
		93B32AB62492F5D800D10E0F /* Assets.xcassets */ = {isa = PBXFileReference; lastKnownFileType = folder.assetcatalog; path = Assets.xcassets; sourceTree = "<group>"; };
		93B32AB92492F5D800D10E0F /* Base */ = {isa = PBXFileReference; lastKnownFileType = file.storyboard; name = Base; path = Base.lproj/LaunchScreen.storyboard; sourceTree = "<group>"; };
		93B32ABB2492F5D800D10E0F /* Info.plist */ = {isa = PBXFileReference; lastKnownFileType = text.plist.xml; path = Info.plist; sourceTree = "<group>"; };
		93B32AC22492F71500D10E0F /* Gender.swift */ = {isa = PBXFileReference; lastKnownFileType = sourcecode.swift; path = Gender.swift; sourceTree = "<group>"; };
		93B32AC42492F73000D10E0F /* User.swift */ = {isa = PBXFileReference; lastKnownFileType = sourcecode.swift; path = User.swift; sourceTree = "<group>"; };
		93B32AC62492F79100D10E0F /* UpdateProfileFormError.swift */ = {isa = PBXFileReference; lastKnownFileType = sourcecode.swift; path = UpdateProfileFormError.swift; sourceTree = "<group>"; };
		93B32AC82492F7DD00D10E0F /* LocalStorage.swift */ = {isa = PBXFileReference; lastKnownFileType = sourcecode.swift; path = LocalStorage.swift; sourceTree = "<group>"; };
		93B32ACB2492F83800D10E0F /* UpdateProfilePresenter.swift */ = {isa = PBXFileReference; lastKnownFileType = sourcecode.swift; path = UpdateProfilePresenter.swift; sourceTree = "<group>"; };
		93B32ACE2492F87500D10E0F /* UpdateProfileViewController.swift */ = {isa = PBXFileReference; lastKnownFileType = sourcecode.swift; path = UpdateProfileViewController.swift; sourceTree = "<group>"; };
		93B32AD02492F97E00D10E0F /* UserProfileViewProtocol.swift */ = {isa = PBXFileReference; lastKnownFileType = sourcecode.swift; path = UserProfileViewProtocol.swift; sourceTree = "<group>"; };
/* End PBXFileReference section */

/* Begin PBXFrameworksBuildPhase section */
		93B32AA72492F5CF00D10E0F /* Frameworks */ = {
			isa = PBXFrameworksBuildPhase;
			buildActionMask = 2147483647;
			files = (
			);
			runOnlyForDeploymentPostprocessing = 0;
		};
/* End PBXFrameworksBuildPhase section */

/* Begin PBXGroup section */
		93B32AA12492F5CF00D10E0F = {
			isa = PBXGroup;
			children = (
				93B32AAC2492F5CF00D10E0F /* MVP-Example */,
				93B32AAB2492F5CF00D10E0F /* Products */,
			);
			sourceTree = "<group>";
		};
		93B32AAB2492F5CF00D10E0F /* Products */ = {
			isa = PBXGroup;
			children = (
				93B32AAA2492F5CF00D10E0F /* MVP-Example.app */,
			);
			name = Products;
			sourceTree = "<group>";
		};
		93B32AAC2492F5CF00D10E0F /* MVP-Example */ = {
			isa = PBXGroup;
			children = (
				93B32ACD2492F86700D10E0F /* View */,
				93B32ACA2492F82400D10E0F /* Presenter */,
				93B32AC12492F6F200D10E0F /* Model */,
				93B32AAD2492F5CF00D10E0F /* AppDelegate.swift */,
				93B32AAF2492F5CF00D10E0F /* SceneDelegate.swift */,
				93B32AB12492F5CF00D10E0F /* ViewController.swift */,
				93B32AB32492F5CF00D10E0F /* Main.storyboard */,
				93B32AB62492F5D800D10E0F /* Assets.xcassets */,
				93B32AB82492F5D800D10E0F /* LaunchScreen.storyboard */,
				93B32ABB2492F5D800D10E0F /* Info.plist */,
			);
			path = "MVP-Example";
			sourceTree = "<group>";
		};
		93B32AC12492F6F200D10E0F /* Model */ = {
			isa = PBXGroup;
			children = (
				93B32AC22492F71500D10E0F /* Gender.swift */,
				93B32AC42492F73000D10E0F /* User.swift */,
				93B32AC62492F79100D10E0F /* UpdateProfileFormError.swift */,
				93B32AC82492F7DD00D10E0F /* LocalStorage.swift */,
			);
			path = Model;
			sourceTree = "<group>";
		};
		93B32ACA2492F82400D10E0F /* Presenter */ = {
			isa = PBXGroup;
			children = (
				93B32ACB2492F83800D10E0F /* UpdateProfilePresenter.swift */,
				93B32AD02492F97E00D10E0F /* UserProfileViewProtocol.swift */,
			);
			path = Presenter;
			sourceTree = "<group>";
		};
		93B32ACD2492F86700D10E0F /* View */ = {
			isa = PBXGroup;
			children = (
				93B32ACE2492F87500D10E0F /* UpdateProfileViewController.swift */,
			);
			path = View;
			sourceTree = "<group>";
		};
/* End PBXGroup section */

/* Begin PBXNativeTarget section */
		93B32AA92492F5CF00D10E0F /* MVP-Example */ = {
			isa = PBXNativeTarget;
			buildConfigurationList = 93B32ABE2492F5D800D10E0F /* Build configuration list for PBXNativeTarget "MVP-Example" */;
			buildPhases = (
				93B32AA62492F5CF00D10E0F /* Sources */,
				93B32AA72492F5CF00D10E0F /* Frameworks */,
				93B32AA82492F5CF00D10E0F /* Resources */,
			);
			buildRules = (
			);
			dependencies = (
			);
			name = "MVP-Example";
			productName = "MVP-Example";
			productReference = 93B32AAA2492F5CF00D10E0F /* MVP-Example.app */;
			productType = "com.apple.product-type.application";
		};
/* End PBXNativeTarget section */

/* Begin PBXProject section */
		93B32AA22492F5CF00D10E0F /* Project object */ = {
			isa = PBXProject;
			attributes = {
				LastSwiftUpdateCheck = 1140;
				LastUpgradeCheck = 1140;
				ORGANIZATIONNAME = bryanCuevas;
				TargetAttributes = {
					93B32AA92492F5CF00D10E0F = {
						CreatedOnToolsVersion = 11.4.1;
					};
				};
			};
			buildConfigurationList = 93B32AA52492F5CF00D10E0F /* Build configuration list for PBXProject "MVP-Example" */;
			compatibilityVersion = "Xcode 9.3";
			developmentRegion = en;
			hasScannedForEncodings = 0;
			knownRegions = (
				en,
				Base,
			);
			mainGroup = 93B32AA12492F5CF00D10E0F;
			productRefGroup = 93B32AAB2492F5CF00D10E0F /* Products */;
			projectDirPath = "";
			projectRoot = "";
			targets = (
				93B32AA92492F5CF00D10E0F /* MVP-Example */,
			);
		};
/* End PBXProject section */

/* Begin PBXResourcesBuildPhase section */
		93B32AA82492F5CF00D10E0F /* Resources */ = {
			isa = PBXResourcesBuildPhase;
			buildActionMask = 2147483647;
			files = (
				93B32ABA2492F5D800D10E0F /* LaunchScreen.storyboard in Resources */,
				93B32AB72492F5D800D10E0F /* Assets.xcassets in Resources */,
				93B32AB52492F5CF00D10E0F /* Main.storyboard in Resources */,
			);
			runOnlyForDeploymentPostprocessing = 0;
		};
/* End PBXResourcesBuildPhase section */

/* Begin PBXSourcesBuildPhase section */
		93B32AA62492F5CF00D10E0F /* Sources */ = {
			isa = PBXSourcesBuildPhase;
			buildActionMask = 2147483647;
			files = (
				93B32AC32492F71500D10E0F /* Gender.swift in Sources */,
				93B32AC72492F79100D10E0F /* UpdateProfileFormError.swift in Sources */,
				93B32AB22492F5CF00D10E0F /* ViewController.swift in Sources */,
				93B32AD12492F97E00D10E0F /* UserProfileViewProtocol.swift in Sources */,
				93B32ACF2492F87500D10E0F /* UpdateProfileViewController.swift in Sources */,
				93B32ACC2492F83800D10E0F /* UpdateProfilePresenter.swift in Sources */,
				93B32AAE2492F5CF00D10E0F /* AppDelegate.swift in Sources */,
				93B32AC52492F73000D10E0F /* User.swift in Sources */,
				93B32AC92492F7DD00D10E0F /* LocalStorage.swift in Sources */,
				93B32AB02492F5CF00D10E0F /* SceneDelegate.swift in Sources */,
			);
			runOnlyForDeploymentPostprocessing = 0;
		};
/* End PBXSourcesBuildPhase section */

/* Begin PBXVariantGroup section */
		93B32AB32492F5CF00D10E0F /* Main.storyboard */ = {
			isa = PBXVariantGroup;
			children = (
				93B32AB42492F5CF00D10E0F /* Base */,
			);
			name = Main.storyboard;
			sourceTree = "<group>";
		};
		93B32AB82492F5D800D10E0F /* LaunchScreen.storyboard */ = {
			isa = PBXVariantGroup;
			children = (
				93B32AB92492F5D800D10E0F /* Base */,
			);
			name = LaunchScreen.storyboard;
			sourceTree = "<group>";
		};
/* End PBXVariantGroup section */

/* Begin XCBuildConfiguration section */
		93B32ABC2492F5D800D10E0F /* Debug */ = {
			isa = XCBuildConfiguration;
			buildSettings = {
				ALWAYS_SEARCH_USER_PATHS = NO;
				CLANG_ANALYZER_NONNULL = YES;
				CLANG_ANALYZER_NUMBER_OBJECT_CONVERSION = YES_AGGRESSIVE;
				CLANG_CXX_LANGUAGE_STANDARD = "gnu++14";
				CLANG_CXX_LIBRARY = "libc++";
				CLANG_ENABLE_MODULES = YES;
				CLANG_ENABLE_OBJC_ARC = YES;
				CLANG_ENABLE_OBJC_WEAK = YES;
				CLANG_WARN_BLOCK_CAPTURE_AUTORELEASING = YES;
				CLANG_WARN_BOOL_CONVERSION = YES;
				CLANG_WARN_COMMA = YES;
				CLANG_WARN_CONSTANT_CONVERSION = YES;
				CLANG_WARN_DEPRECATED_OBJC_IMPLEMENTATIONS = YES;
				CLANG_WARN_DIRECT_OBJC_ISA_USAGE = YES_ERROR;
				CLANG_WARN_DOCUMENTATION_COMMENTS = YES;
				CLANG_WARN_EMPTY_BODY = YES;
				CLANG_WARN_ENUM_CONVERSION = YES;
				CLANG_WARN_INFINITE_RECURSION = YES;
				CLANG_WARN_INT_CONVERSION = YES;
				CLANG_WARN_NON_LITERAL_NULL_CONVERSION = YES;
				CLANG_WARN_OBJC_IMPLICIT_RETAIN_SELF = YES;
				CLANG_WARN_OBJC_LITERAL_CONVERSION = YES;
				CLANG_WARN_OBJC_ROOT_CLASS = YES_ERROR;
				CLANG_WARN_RANGE_LOOP_ANALYSIS = YES;
				CLANG_WARN_STRICT_PROTOTYPES = YES;
				CLANG_WARN_SUSPICIOUS_MOVE = YES;
				CLANG_WARN_UNGUARDED_AVAILABILITY = YES_AGGRESSIVE;
				CLANG_WARN_UNREACHABLE_CODE = YES;
				CLANG_WARN__DUPLICATE_METHOD_MATCH = YES;
				COPY_PHASE_STRIP = NO;
				DEBUG_INFORMATION_FORMAT = dwarf;
				ENABLE_STRICT_OBJC_MSGSEND = YES;
				ENABLE_TESTABILITY = YES;
				GCC_C_LANGUAGE_STANDARD = gnu11;
				GCC_DYNAMIC_NO_PIC = NO;
				GCC_NO_COMMON_BLOCKS = YES;
				GCC_OPTIMIZATION_LEVEL = 0;
				GCC_PREPROCESSOR_DEFINITIONS = (
					"DEBUG=1",
					"$(inherited)",
				);
				GCC_WARN_64_TO_32_BIT_CONVERSION = YES;
				GCC_WARN_ABOUT_RETURN_TYPE = YES_ERROR;
				GCC_WARN_UNDECLARED_SELECTOR = YES;
				GCC_WARN_UNINITIALIZED_AUTOS = YES_AGGRESSIVE;
				GCC_WARN_UNUSED_FUNCTION = YES;
				GCC_WARN_UNUSED_VARIABLE = YES;
				IPHONEOS_DEPLOYMENT_TARGET = 13.4;
				MTL_ENABLE_DEBUG_INFO = INCLUDE_SOURCE;
				MTL_FAST_MATH = YES;
				ONLY_ACTIVE_ARCH = YES;
				SDKROOT = iphoneos;
				SWIFT_ACTIVE_COMPILATION_CONDITIONS = DEBUG;
				SWIFT_OPTIMIZATION_LEVEL = "-Onone";
			};
			name = Debug;
		};
		93B32ABD2492F5D800D10E0F /* Release */ = {
			isa = XCBuildConfiguration;
			buildSettings = {
				ALWAYS_SEARCH_USER_PATHS = NO;
				CLANG_ANALYZER_NONNULL = YES;
				CLANG_ANALYZER_NUMBER_OBJECT_CONVERSION = YES_AGGRESSIVE;
				CLANG_CXX_LANGUAGE_STANDARD = "gnu++14";
				CLANG_CXX_LIBRARY = "libc++";
				CLANG_ENABLE_MODULES = YES;
				CLANG_ENABLE_OBJC_ARC = YES;
				CLANG_ENABLE_OBJC_WEAK = YES;
				CLANG_WARN_BLOCK_CAPTURE_AUTORELEASING = YES;
				CLANG_WARN_BOOL_CONVERSION = YES;
				CLANG_WARN_COMMA = YES;
				CLANG_WARN_CONSTANT_CONVERSION = YES;
				CLANG_WARN_DEPRECATED_OBJC_IMPLEMENTATIONS = YES;
				CLANG_WARN_DIRECT_OBJC_ISA_USAGE = YES_ERROR;
				CLANG_WARN_DOCUMENTATION_COMMENTS = YES;
				CLANG_WARN_EMPTY_BODY = YES;
				CLANG_WARN_ENUM_CONVERSION = YES;
				CLANG_WARN_INFINITE_RECURSION = YES;
				CLANG_WARN_INT_CONVERSION = YES;
				CLANG_WARN_NON_LITERAL_NULL_CONVERSION = YES;
				CLANG_WARN_OBJC_IMPLICIT_RETAIN_SELF = YES;
				CLANG_WARN_OBJC_LITERAL_CONVERSION = YES;
				CLANG_WARN_OBJC_ROOT_CLASS = YES_ERROR;
				CLANG_WARN_RANGE_LOOP_ANALYSIS = YES;
				CLANG_WARN_STRICT_PROTOTYPES = YES;
				CLANG_WARN_SUSPICIOUS_MOVE = YES;
				CLANG_WARN_UNGUARDED_AVAILABILITY = YES_AGGRESSIVE;
				CLANG_WARN_UNREACHABLE_CODE = YES;
				CLANG_WARN__DUPLICATE_METHOD_MATCH = YES;
				COPY_PHASE_STRIP = NO;
				DEBUG_INFORMATION_FORMAT = "dwarf-with-dsym";
				ENABLE_NS_ASSERTIONS = NO;
				ENABLE_STRICT_OBJC_MSGSEND = YES;
				GCC_C_LANGUAGE_STANDARD = gnu11;
				GCC_NO_COMMON_BLOCKS = YES;
				GCC_WARN_64_TO_32_BIT_CONVERSION = YES;
				GCC_WARN_ABOUT_RETURN_TYPE = YES_ERROR;
				GCC_WARN_UNDECLARED_SELECTOR = YES;
				GCC_WARN_UNINITIALIZED_AUTOS = YES_AGGRESSIVE;
				GCC_WARN_UNUSED_FUNCTION = YES;
				GCC_WARN_UNUSED_VARIABLE = YES;
				IPHONEOS_DEPLOYMENT_TARGET = 13.4;
				MTL_ENABLE_DEBUG_INFO = NO;
				MTL_FAST_MATH = YES;
				SDKROOT = iphoneos;
				SWIFT_COMPILATION_MODE = wholemodule;
				SWIFT_OPTIMIZATION_LEVEL = "-O";
				VALIDATE_PRODUCT = YES;
			};
			name = Release;
		};
		93B32ABF2492F5D800D10E0F /* Debug */ = {
			isa = XCBuildConfiguration;
			buildSettings = {
				ASSETCATALOG_COMPILER_APPICON_NAME = AppIcon;
				CODE_SIGN_STYLE = Automatic;
				DEVELOPMENT_TEAM = RJL4W5Y8CA;
				INFOPLIST_FILE = "MVP-Example/Info.plist";
				LD_RUNPATH_SEARCH_PATHS = (
					"$(inherited)",
					"@executable_path/Frameworks",
				);
				PRODUCT_BUNDLE_IDENTIFIER = "com.bryancuevas.MVP-Example";
				PRODUCT_NAME = "$(TARGET_NAME)";
				SWIFT_VERSION = 5.0;
				TARGETED_DEVICE_FAMILY = "1,2";
			};
			name = Debug;
		};
		93B32AC02492F5D800D10E0F /* Release */ = {
			isa = XCBuildConfiguration;
			buildSettings = {
				ASSETCATALOG_COMPILER_APPICON_NAME = AppIcon;
				CODE_SIGN_STYLE = Automatic;
				DEVELOPMENT_TEAM = RJL4W5Y8CA;
				INFOPLIST_FILE = "MVP-Example/Info.plist";
				LD_RUNPATH_SEARCH_PATHS = (
					"$(inherited)",
					"@executable_path/Frameworks",
				);
				PRODUCT_BUNDLE_IDENTIFIER = "com.bryancuevas.MVP-Example";
				PRODUCT_NAME = "$(TARGET_NAME)";
				SWIFT_VERSION = 5.0;
				TARGETED_DEVICE_FAMILY = "1,2";
			};
			name = Release;
		};
/* End XCBuildConfiguration section */

/* Begin XCConfigurationList section */
		93B32AA52492F5CF00D10E0F /* Build configuration list for PBXProject "MVP-Example" */ = {
			isa = XCConfigurationList;
			buildConfigurations = (
				93B32ABC2492F5D800D10E0F /* Debug */,
				93B32ABD2492F5D800D10E0F /* Release */,
			);
			defaultConfigurationIsVisible = 0;
			defaultConfigurationName = Release;
		};
		93B32ABE2492F5D800D10E0F /* Build configuration list for PBXNativeTarget "MVP-Example" */ = {
			isa = XCConfigurationList;
			buildConfigurations = (
				93B32ABF2492F5D800D10E0F /* Debug */,
				93B32AC02492F5D800D10E0F /* Release */,
			);
			defaultConfigurationIsVisible = 0;
			defaultConfigurationName = Release;
		};
/* End XCConfigurationList section */
	};
	rootObject = 93B32AA22492F5CF00D10E0F /* Project object */;
}
